// !$*UTF8*$!
{
	archiveVersion = 1;
	classes = {
	};
	objectVersion = 56;
	objects = {

/* Begin PBXBuildFile section */
		79FBF3582BBF29660040BFD2 /* Example_Chart_AppApp.swift in Sources */ = {isa = PBXBuildFile; fileRef = 79FBF3572BBF29660040BFD2 /* Example_Chart_AppApp.swift */; };
		79FBF35A2BBF29660040BFD2 /* ContentView.swift in Sources */ = {isa = PBXBuildFile; fileRef = 79FBF3592BBF29660040BFD2 /* ContentView.swift */; };
		79FBF35C2BBF29670040BFD2 /* Assets.xcassets in Resources */ = {isa = PBXBuildFile; fileRef = 79FBF35B2BBF29670040BFD2 /* Assets.xcassets */; };
		79FBF35F2BBF29670040BFD2 /* Preview Assets.xcassets in Resources */ = {isa = PBXBuildFile; fileRef = 79FBF35E2BBF29670040BFD2 /* Preview Assets.xcassets */; };
		79FBF3692BBF29670040BFD2 /* Example_Chart_AppTests.swift in Sources */ = {isa = PBXBuildFile; fileRef = 79FBF3682BBF29670040BFD2 /* Example_Chart_AppTests.swift */; };
		79FBF3732BBF29670040BFD2 /* Example_Chart_AppUITests.swift in Sources */ = {isa = PBXBuildFile; fileRef = 79FBF3722BBF29670040BFD2 /* Example_Chart_AppUITests.swift */; };
		79FBF3752BBF29670040BFD2 /* Example_Chart_AppUITestsLaunchTests.swift in Sources */ = {isa = PBXBuildFile; fileRef = 79FBF3742BBF29670040BFD2 /* Example_Chart_AppUITestsLaunchTests.swift */; };
		79FBF3822BBF2D850040BFD2 /* DataPoint.swift in Sources */ = {isa = PBXBuildFile; fileRef = 79FBF3812BBF2D850040BFD2 /* DataPoint.swift */; };
/* End PBXBuildFile section */

/* Begin PBXContainerItemProxy section */
		79FBF3652BBF29670040BFD2 /* PBXContainerItemProxy */ = {
			isa = PBXContainerItemProxy;
			containerPortal = 79FBF34C2BBF29660040BFD2 /* Project object */;
			proxyType = 1;
			remoteGlobalIDString = 79FBF3532BBF29660040BFD2;
			remoteInfo = "Example Chart App";
		};
		79FBF36F2BBF29670040BFD2 /* PBXContainerItemProxy */ = {
			isa = PBXContainerItemProxy;
			containerPortal = 79FBF34C2BBF29660040BFD2 /* Project object */;
			proxyType = 1;
			remoteGlobalIDString = 79FBF3532BBF29660040BFD2;
			remoteInfo = "Example Chart App";
		};
/* End PBXContainerItemProxy section */

/* Begin PBXFileReference section */
		79FBF3542BBF29660040BFD2 /* Example Chart App.app */ = {isa = PBXFileReference; explicitFileType = wrapper.application; includeInIndex = 0; path = "Example Chart App.app"; sourceTree = BUILT_PRODUCTS_DIR; };
		79FBF3572BBF29660040BFD2 /* Example_Chart_AppApp.swift */ = {isa = PBXFileReference; lastKnownFileType = sourcecode.swift; path = Example_Chart_AppApp.swift; sourceTree = "<group>"; };
		79FBF3592BBF29660040BFD2 /* ContentView.swift */ = {isa = PBXFileReference; lastKnownFileType = sourcecode.swift; path = ContentView.swift; sourceTree = "<group>"; };
		79FBF35B2BBF29670040BFD2 /* Assets.xcassets */ = {isa = PBXFileReference; lastKnownFileType = folder.assetcatalog; path = Assets.xcassets; sourceTree = "<group>"; };
		79FBF35E2BBF29670040BFD2 /* Preview Assets.xcassets */ = {isa = PBXFileReference; lastKnownFileType = folder.assetcatalog; path = "Preview Assets.xcassets"; sourceTree = "<group>"; };
		79FBF3642BBF29670040BFD2 /* Example Chart AppTests.xctest */ = {isa = PBXFileReference; explicitFileType = wrapper.cfbundle; includeInIndex = 0; path = "Example Chart AppTests.xctest"; sourceTree = BUILT_PRODUCTS_DIR; };
		79FBF3682BBF29670040BFD2 /* Example_Chart_AppTests.swift */ = {isa = PBXFileReference; lastKnownFileType = sourcecode.swift; path = Example_Chart_AppTests.swift; sourceTree = "<group>"; };
		79FBF36E2BBF29670040BFD2 /* Example Chart AppUITests.xctest */ = {isa = PBXFileReference; explicitFileType = wrapper.cfbundle; includeInIndex = 0; path = "Example Chart AppUITests.xctest"; sourceTree = BUILT_PRODUCTS_DIR; };
		79FBF3722BBF29670040BFD2 /* Example_Chart_AppUITests.swift */ = {isa = PBXFileReference; lastKnownFileType = sourcecode.swift; path = Example_Chart_AppUITests.swift; sourceTree = "<group>"; };
		79FBF3742BBF29670040BFD2 /* Example_Chart_AppUITestsLaunchTests.swift */ = {isa = PBXFileReference; lastKnownFileType = sourcecode.swift; path = Example_Chart_AppUITestsLaunchTests.swift; sourceTree = "<group>"; };
		79FBF3812BBF2D850040BFD2 /* DataPoint.swift */ = {isa = PBXFileReference; lastKnownFileType = sourcecode.swift; path = DataPoint.swift; sourceTree = "<group>"; };
/* End PBXFileReference section */

/* Begin PBXFrameworksBuildPhase section */
		79FBF3512BBF29660040BFD2 /* Frameworks */ = {
			isa = PBXFrameworksBuildPhase;
			buildActionMask = 2147483647;
			files = (
			);
			runOnlyForDeploymentPostprocessing = 0;
		};
		79FBF3612BBF29670040BFD2 /* Frameworks */ = {
			isa = PBXFrameworksBuildPhase;
			buildActionMask = 2147483647;
			files = (
			);
			runOnlyForDeploymentPostprocessing = 0;
		};
		79FBF36B2BBF29670040BFD2 /* Frameworks */ = {
			isa = PBXFrameworksBuildPhase;
			buildActionMask = 2147483647;
			files = (
			);
			runOnlyForDeploymentPostprocessing = 0;
		};
/* End PBXFrameworksBuildPhase section */

/* Begin PBXGroup section */
		79FBF34B2BBF29660040BFD2 = {
			isa = PBXGroup;
			children = (
				79FBF3562BBF29660040BFD2 /* Example Chart App */,
				79FBF3672BBF29670040BFD2 /* Example Chart AppTests */,
				79FBF3712BBF29670040BFD2 /* Example Chart AppUITests */,
				79FBF3552BBF29660040BFD2 /* Products */,
			);
			sourceTree = "<group>";
		};
		79FBF3552BBF29660040BFD2 /* Products */ = {
			isa = PBXGroup;
			children = (
				79FBF3542BBF29660040BFD2 /* Example Chart App.app */,
				79FBF3642BBF29670040BFD2 /* Example Chart AppTests.xctest */,
				79FBF36E2BBF29670040BFD2 /* Example Chart AppUITests.xctest */,
			);
			name = Products;
			sourceTree = "<group>";
		};
		79FBF3562BBF29660040BFD2 /* Example Chart App */ = {
			isa = PBXGroup;
			children = (
				79FBF3572BBF29660040BFD2 /* Example_Chart_AppApp.swift */,
				79FBF3592BBF29660040BFD2 /* ContentView.swift */,
				79FBF3812BBF2D850040BFD2 /* DataPoint.swift */,
				79FBF35B2BBF29670040BFD2 /* Assets.xcassets */,
				79FBF35D2BBF29670040BFD2 /* Preview Content */,
			);
			path = "Example Chart App";
			sourceTree = "<group>";
		};
		79FBF35D2BBF29670040BFD2 /* Preview Content */ = {
			isa = PBXGroup;
			children = (
				79FBF35E2BBF29670040BFD2 /* Preview Assets.xcassets */,
			);
			path = "Preview Content";
			sourceTree = "<group>";
		};
		79FBF3672BBF29670040BFD2 /* Example Chart AppTests */ = {
			isa = PBXGroup;
			children = (
				79FBF3682BBF29670040BFD2 /* Example_Chart_AppTests.swift */,
			);
			path = "Example Chart AppTests";
			sourceTree = "<group>";
		};
		79FBF3712BBF29670040BFD2 /* Example Chart AppUITests */ = {
			isa = PBXGroup;
			children = (
				79FBF3722BBF29670040BFD2 /* Example_Chart_AppUITests.swift */,
				79FBF3742BBF29670040BFD2 /* Example_Chart_AppUITestsLaunchTests.swift */,
			);
			path = "Example Chart AppUITests";
			sourceTree = "<group>";
		};
/* End PBXGroup section */

/* Begin PBXNativeTarget section */
		79FBF3532BBF29660040BFD2 /* Example Chart App */ = {
			isa = PBXNativeTarget;
			buildConfigurationList = 79FBF3782BBF29670040BFD2 /* Build configuration list for PBXNativeTarget "Example Chart App" */;
			buildPhases = (
				79FBF3502BBF29660040BFD2 /* Sources */,
				79FBF3512BBF29660040BFD2 /* Frameworks */,
				79FBF3522BBF29660040BFD2 /* Resources */,
			);
			buildRules = (
			);
			dependencies = (
			);
			name = "Example Chart App";
			productName = "Example Chart App";
			productReference = 79FBF3542BBF29660040BFD2 /* Example Chart App.app */;
			productType = "com.apple.product-type.application";
		};
		79FBF3632BBF29670040BFD2 /* Example Chart AppTests */ = {
			isa = PBXNativeTarget;
			buildConfigurationList = 79FBF37B2BBF29670040BFD2 /* Build configuration list for PBXNativeTarget "Example Chart AppTests" */;
			buildPhases = (
				79FBF3602BBF29670040BFD2 /* Sources */,
				79FBF3612BBF29670040BFD2 /* Frameworks */,
				79FBF3622BBF29670040BFD2 /* Resources */,
			);
			buildRules = (
			);
			dependencies = (
				79FBF3662BBF29670040BFD2 /* PBXTargetDependency */,
			);
			name = "Example Chart AppTests";
			productName = "Example Chart AppTests";
			productReference = 79FBF3642BBF29670040BFD2 /* Example Chart AppTests.xctest */;
			productType = "com.apple.product-type.bundle.unit-test";
		};
		79FBF36D2BBF29670040BFD2 /* Example Chart AppUITests */ = {
			isa = PBXNativeTarget;
			buildConfigurationList = 79FBF37E2BBF29670040BFD2 /* Build configuration list for PBXNativeTarget "Example Chart AppUITests" */;
			buildPhases = (
				79FBF36A2BBF29670040BFD2 /* Sources */,
				79FBF36B2BBF29670040BFD2 /* Frameworks */,
				79FBF36C2BBF29670040BFD2 /* Resources */,
			);
			buildRules = (
			);
			dependencies = (
				79FBF3702BBF29670040BFD2 /* PBXTargetDependency */,
			);
			name = "Example Chart AppUITests";
			productName = "Example Chart AppUITests";
			productReference = 79FBF36E2BBF29670040BFD2 /* Example Chart AppUITests.xctest */;
			productType = "com.apple.product-type.bundle.ui-testing";
		};
/* End PBXNativeTarget section */

/* Begin PBXProject section */
		79FBF34C2BBF29660040BFD2 /* Project object */ = {
			isa = PBXProject;
			attributes = {
				BuildIndependentTargetsInParallel = 1;
				LastSwiftUpdateCheck = 1530;
				LastUpgradeCheck = 1530;
				TargetAttributes = {
					79FBF3532BBF29660040BFD2 = {
						CreatedOnToolsVersion = 15.3;
					};
					79FBF3632BBF29670040BFD2 = {
						CreatedOnToolsVersion = 15.3;
						TestTargetID = 79FBF3532BBF29660040BFD2;
					};
					79FBF36D2BBF29670040BFD2 = {
						CreatedOnToolsVersion = 15.3;
						TestTargetID = 79FBF3532BBF29660040BFD2;
					};
				};
			};
			buildConfigurationList = 79FBF34F2BBF29660040BFD2 /* Build configuration list for PBXProject "Example Chart App" */;
			compatibilityVersion = "Xcode 14.0";
			developmentRegion = en;
			hasScannedForEncodings = 0;
			knownRegions = (
				en,
				Base,
			);
			mainGroup = 79FBF34B2BBF29660040BFD2;
			productRefGroup = 79FBF3552BBF29660040BFD2 /* Products */;
			projectDirPath = "";
			projectRoot = "";
			targets = (
				79FBF3532BBF29660040BFD2 /* Example Chart App */,
				79FBF3632BBF29670040BFD2 /* Example Chart AppTests */,
				79FBF36D2BBF29670040BFD2 /* Example Chart AppUITests */,
			);
		};
/* End PBXProject section */

/* Begin PBXResourcesBuildPhase section */
		79FBF3522BBF29660040BFD2 /* Resources */ = {
			isa = PBXResourcesBuildPhase;
			buildActionMask = 2147483647;
			files = (
				79FBF35F2BBF29670040BFD2 /* Preview Assets.xcassets in Resources */,
				79FBF35C2BBF29670040BFD2 /* Assets.xcassets in Resources */,
			);
			runOnlyForDeploymentPostprocessing = 0;
		};
		79FBF3622BBF29670040BFD2 /* Resources */ = {
			isa = PBXResourcesBuildPhase;
			buildActionMask = 2147483647;
			files = (
			);
			runOnlyForDeploymentPostprocessing = 0;
		};
		79FBF36C2BBF29670040BFD2 /* Resources */ = {
			isa = PBXResourcesBuildPhase;
			buildActionMask = 2147483647;
			files = (
			);
			runOnlyForDeploymentPostprocessing = 0;
		};
/* End PBXResourcesBuildPhase section */

/* Begin PBXSourcesBuildPhase section */
		79FBF3502BBF29660040BFD2 /* Sources */ = {
			isa = PBXSourcesBuildPhase;
			buildActionMask = 2147483647;
			files = (
				79FBF3822BBF2D850040BFD2 /* DataPoint.swift in Sources */,
				79FBF35A2BBF29660040BFD2 /* ContentView.swift in Sources */,
				79FBF3582BBF29660040BFD2 /* Example_Chart_AppApp.swift in Sources */,
			);
			runOnlyForDeploymentPostprocessing = 0;
		};
		79FBF3602BBF29670040BFD2 /* Sources */ = {
			isa = PBXSourcesBuildPhase;
			buildActionMask = 2147483647;
			files = (
				79FBF3692BBF29670040BFD2 /* Example_Chart_AppTests.swift in Sources */,
			);
			runOnlyForDeploymentPostprocessing = 0;
		};
		79FBF36A2BBF29670040BFD2 /* Sources */ = {
			isa = PBXSourcesBuildPhase;
			buildActionMask = 2147483647;
			files = (
				79FBF3752BBF29670040BFD2 /* Example_Chart_AppUITestsLaunchTests.swift in Sources */,
				79FBF3732BBF29670040BFD2 /* Example_Chart_AppUITests.swift in Sources */,
			);
			runOnlyForDeploymentPostprocessing = 0;
		};
/* End PBXSourcesBuildPhase section */

/* Begin PBXTargetDependency section */
		79FBF3662BBF29670040BFD2 /* PBXTargetDependency */ = {
			isa = PBXTargetDependency;
			target = 79FBF3532BBF29660040BFD2 /* Example Chart App */;
			targetProxy = 79FBF3652BBF29670040BFD2 /* PBXContainerItemProxy */;
		};
		79FBF3702BBF29670040BFD2 /* PBXTargetDependency */ = {
			isa = PBXTargetDependency;
			target = 79FBF3532BBF29660040BFD2 /* Example Chart App */;
			targetProxy = 79FBF36F2BBF29670040BFD2 /* PBXContainerItemProxy */;
		};
/* End PBXTargetDependency section */

/* Begin XCBuildConfiguration section */
		79FBF3762BBF29670040BFD2 /* Debug */ = {
			isa = XCBuildConfiguration;
			buildSettings = {
				ALWAYS_SEARCH_USER_PATHS = NO;
				ASSETCATALOG_COMPILER_GENERATE_SWIFT_ASSET_SYMBOL_EXTENSIONS = YES;
				CLANG_ANALYZER_NONNULL = YES;
				CLANG_ANALYZER_NUMBER_OBJECT_CONVERSION = YES_AGGRESSIVE;
				CLANG_CXX_LANGUAGE_STANDARD = "gnu++20";
				CLANG_ENABLE_MODULES = YES;
				CLANG_ENABLE_OBJC_ARC = YES;
				CLANG_ENABLE_OBJC_WEAK = YES;
				CLANG_WARN_BLOCK_CAPTURE_AUTORELEASING = YES;
				CLANG_WARN_BOOL_CONVERSION = YES;
				CLANG_WARN_COMMA = YES;
				CLANG_WARN_CONSTANT_CONVERSION = YES;
				CLANG_WARN_DEPRECATED_OBJC_IMPLEMENTATIONS = YES;
				CLANG_WARN_DIRECT_OBJC_ISA_USAGE = YES_ERROR;
				CLANG_WARN_DOCUMENTATION_COMMENTS = YES;
				CLANG_WARN_EMPTY_BODY = YES;
				CLANG_WARN_ENUM_CONVERSION = YES;
				CLANG_WARN_INFINITE_RECURSION = YES;
				CLANG_WARN_INT_CONVERSION = YES;
				CLANG_WARN_NON_LITERAL_NULL_CONVERSION = YES;
				CLANG_WARN_OBJC_IMPLICIT_RETAIN_SELF = YES;
				CLANG_WARN_OBJC_LITERAL_CONVERSION = YES;
				CLANG_WARN_OBJC_ROOT_CLASS = YES_ERROR;
				CLANG_WARN_QUOTED_INCLUDE_IN_FRAMEWORK_HEADER = YES;
				CLANG_WARN_RANGE_LOOP_ANALYSIS = YES;
				CLANG_WARN_STRICT_PROTOTYPES = YES;
				CLANG_WARN_SUSPICIOUS_MOVE = YES;
				CLANG_WARN_UNGUARDED_AVAILABILITY = YES_AGGRESSIVE;
				CLANG_WARN_UNREACHABLE_CODE = YES;
				CLANG_WARN__DUPLICATE_METHOD_MATCH = YES;
				COPY_PHASE_STRIP = NO;
				DEBUG_INFORMATION_FORMAT = dwarf;
				ENABLE_STRICT_OBJC_MSGSEND = YES;
				ENABLE_TESTABILITY = YES;
				ENABLE_USER_SCRIPT_SANDBOXING = YES;
				GCC_C_LANGUAGE_STANDARD = gnu17;
				GCC_DYNAMIC_NO_PIC = NO;
				GCC_NO_COMMON_BLOCKS = YES;
				GCC_OPTIMIZATION_LEVEL = 0;
				GCC_PREPROCESSOR_DEFINITIONS = (
					"DEBUG=1",
					"$(inherited)",
				);
				GCC_WARN_64_TO_32_BIT_CONVERSION = YES;
				GCC_WARN_ABOUT_RETURN_TYPE = YES_ERROR;
				GCC_WARN_UNDECLARED_SELECTOR = YES;
				GCC_WARN_UNINITIALIZED_AUTOS = YES_AGGRESSIVE;
				GCC_WARN_UNUSED_FUNCTION = YES;
				GCC_WARN_UNUSED_VARIABLE = YES;
				IPHONEOS_DEPLOYMENT_TARGET = 17.4;
				LOCALIZATION_PREFERS_STRING_CATALOGS = YES;
				MTL_ENABLE_DEBUG_INFO = INCLUDE_SOURCE;
				MTL_FAST_MATH = YES;
				ONLY_ACTIVE_ARCH = YES;
				SDKROOT = iphoneos;
				SWIFT_ACTIVE_COMPILATION_CONDITIONS = "DEBUG $(inherited)";
				SWIFT_OPTIMIZATION_LEVEL = "-Onone";
			};
			name = Debug;
		};
		79FBF3772BBF29670040BFD2 /* Release */ = {
			isa = XCBuildConfiguration;
			buildSettings = {
				ALWAYS_SEARCH_USER_PATHS = NO;
				ASSETCATALOG_COMPILER_GENERATE_SWIFT_ASSET_SYMBOL_EXTENSIONS = YES;
				CLANG_ANALYZER_NONNULL = YES;
				CLANG_ANALYZER_NUMBER_OBJECT_CONVERSION = YES_AGGRESSIVE;
				CLANG_CXX_LANGUAGE_STANDARD = "gnu++20";
				CLANG_ENABLE_MODULES = YES;
				CLANG_ENABLE_OBJC_ARC = YES;
				CLANG_ENABLE_OBJC_WEAK = YES;
				CLANG_WARN_BLOCK_CAPTURE_AUTORELEASING = YES;
				CLANG_WARN_BOOL_CONVERSION = YES;
				CLANG_WARN_COMMA = YES;
				CLANG_WARN_CONSTANT_CONVERSION = YES;
				CLANG_WARN_DEPRECATED_OBJC_IMPLEMENTATIONS = YES;
				CLANG_WARN_DIRECT_OBJC_ISA_USAGE = YES_ERROR;
				CLANG_WARN_DOCUMENTATION_COMMENTS = YES;
				CLANG_WARN_EMPTY_BODY = YES;
				CLANG_WARN_ENUM_CONVERSION = YES;
				CLANG_WARN_INFINITE_RECURSION = YES;
				CLANG_WARN_INT_CONVERSION = YES;
				CLANG_WARN_NON_LITERAL_NULL_CONVERSION = YES;
				CLANG_WARN_OBJC_IMPLICIT_RETAIN_SELF = YES;
				CLANG_WARN_OBJC_LITERAL_CONVERSION = YES;
				CLANG_WARN_OBJC_ROOT_CLASS = YES_ERROR;
				CLANG_WARN_QUOTED_INCLUDE_IN_FRAMEWORK_HEADER = YES;
				CLANG_WARN_RANGE_LOOP_ANALYSIS = YES;
				CLANG_WARN_STRICT_PROTOTYPES = YES;
				CLANG_WARN_SUSPICIOUS_MOVE = YES;
				CLANG_WARN_UNGUARDED_AVAILABILITY = YES_AGGRESSIVE;
				CLANG_WARN_UNREACHABLE_CODE = YES;
				CLANG_WARN__DUPLICATE_METHOD_MATCH = YES;
				COPY_PHASE_STRIP = NO;
				DEBUG_INFORMATION_FORMAT = "dwarf-with-dsym";
				ENABLE_NS_ASSERTIONS = NO;
				ENABLE_STRICT_OBJC_MSGSEND = YES;
				ENABLE_USER_SCRIPT_SANDBOXING = YES;
				GCC_C_LANGUAGE_STANDARD = gnu17;
				GCC_NO_COMMON_BLOCKS = YES;
				GCC_WARN_64_TO_32_BIT_CONVERSION = YES;
				GCC_WARN_ABOUT_RETURN_TYPE = YES_ERROR;
				GCC_WARN_UNDECLARED_SELECTOR = YES;
				GCC_WARN_UNINITIALIZED_AUTOS = YES_AGGRESSIVE;
				GCC_WARN_UNUSED_FUNCTION = YES;
				GCC_WARN_UNUSED_VARIABLE = YES;
				IPHONEOS_DEPLOYMENT_TARGET = 17.4;
				LOCALIZATION_PREFERS_STRING_CATALOGS = YES;
				MTL_ENABLE_DEBUG_INFO = NO;
				MTL_FAST_MATH = YES;
				SDKROOT = iphoneos;
				SWIFT_COMPILATION_MODE = wholemodule;
				VALIDATE_PRODUCT = YES;
			};
			name = Release;
		};
		79FBF3792BBF29670040BFD2 /* Debug */ = {
			isa = XCBuildConfiguration;
			buildSettings = {
				ASSETCATALOG_COMPILER_APPICON_NAME = AppIcon;
				ASSETCATALOG_COMPILER_GLOBAL_ACCENT_COLOR_NAME = AccentColor;
				CODE_SIGN_STYLE = Automatic;
				CURRENT_PROJECT_VERSION = 1;
				DEVELOPMENT_ASSET_PATHS = "\"Example Chart App/Preview Content\"";
				DEVELOPMENT_TEAM = 6JD548BN3B;
				ENABLE_PREVIEWS = YES;
				GENERATE_INFOPLIST_FILE = YES;
				INFOPLIST_KEY_UIApplicationSceneManifest_Generation = YES;
				INFOPLIST_KEY_UIApplicationSupportsIndirectInputEvents = YES;
				INFOPLIST_KEY_UILaunchScreen_Generation = YES;
				INFOPLIST_KEY_UISupportedInterfaceOrientations_iPad = "UIInterfaceOrientationPortrait UIInterfaceOrientationPortraitUpsideDown UIInterfaceOrientationLandscapeLeft UIInterfaceOrientationLandscapeRight";
				INFOPLIST_KEY_UISupportedInterfaceOrientations_iPhone = "UIInterfaceOrientationPortrait UIInterfaceOrientationLandscapeLeft UIInterfaceOrientationLandscapeRight";
				LD_RUNPATH_SEARCH_PATHS = (
					"$(inherited)",
					"@executable_path/Frameworks",
				);
				MARKETING_VERSION = 1.0;
				PRODUCT_BUNDLE_IDENTIFIER = "com.BulldogVenturesInc.Example-Chart-App";
				PRODUCT_NAME = "$(TARGET_NAME)";
				SWIFT_EMIT_LOC_STRINGS = YES;
				SWIFT_VERSION = 5.0;
				TARGETED_DEVICE_FAMILY = "1,2";
			};
			name = Debug;
		};
		79FBF37A2BBF29670040BFD2 /* Release */ = {
			isa = XCBuildConfiguration;
			buildSettings = {
				ASSETCATALOG_COMPILER_APPICON_NAME = AppIcon;
				ASSETCATALOG_COMPILER_GLOBAL_ACCENT_COLOR_NAME = AccentColor;
				CODE_SIGN_STYLE = Automatic;
				CURRENT_PROJECT_VERSION = 1;
				DEVELOPMENT_ASSET_PATHS = "\"Example Chart App/Preview Content\"";
				DEVELOPMENT_TEAM = 6JD548BN3B;
				ENABLE_PREVIEWS = YES;
				GENERATE_INFOPLIST_FILE = YES;
				INFOPLIST_KEY_UIApplicationSceneManifest_Generation = YES;
				INFOPLIST_KEY_UIApplicationSupportsIndirectInputEvents = YES;
				INFOPLIST_KEY_UILaunchScreen_Generation = YES;
				INFOPLIST_KEY_UISupportedInterfaceOrientations_iPad = "UIInterfaceOrientationPortrait UIInterfaceOrientationPortraitUpsideDown UIInterfaceOrientationLandscapeLeft UIInterfaceOrientationLandscapeRight";
				INFOPLIST_KEY_UISupportedInterfaceOrientations_iPhone = "UIInterfaceOrientationPortrait UIInterfaceOrientationLandscapeLeft UIInterfaceOrientationLandscapeRight";
				LD_RUNPATH_SEARCH_PATHS = (
					"$(inherited)",
					"@executable_path/Frameworks",
				);
				MARKETING_VERSION = 1.0;
				PRODUCT_BUNDLE_IDENTIFIER = "com.BulldogVenturesInc.Example-Chart-App";
				PRODUCT_NAME = "$(TARGET_NAME)";
				SWIFT_EMIT_LOC_STRINGS = YES;
				SWIFT_VERSION = 5.0;
				TARGETED_DEVICE_FAMILY = "1,2";
			};
			name = Release;
		};
		79FBF37C2BBF29670040BFD2 /* Debug */ = {
			isa = XCBuildConfiguration;
			buildSettings = {
				ALWAYS_EMBED_SWIFT_STANDARD_LIBRARIES = YES;
				BUNDLE_LOADER = "$(TEST_HOST)";
				CODE_SIGN_STYLE = Automatic;
				CURRENT_PROJECT_VERSION = 1;
				DEVELOPMENT_TEAM = 6JD548BN3B;
				GENERATE_INFOPLIST_FILE = YES;
				IPHONEOS_DEPLOYMENT_TARGET = 17.4;
				MARKETING_VERSION = 1.0;
				PRODUCT_BUNDLE_IDENTIFIER = "com.BulldogVenturesInc.Example-Chart-AppTests";
				PRODUCT_NAME = "$(TARGET_NAME)";
				SWIFT_EMIT_LOC_STRINGS = NO;
				SWIFT_VERSION = 5.0;
				TARGETED_DEVICE_FAMILY = "1,2";
				TEST_HOST = "$(BUILT_PRODUCTS_DIR)/Example Chart App.app/$(BUNDLE_EXECUTABLE_FOLDER_PATH)/Example Chart App";
			};
			name = Debug;
		};
		79FBF37D2BBF29670040BFD2 /* Release */ = {
			isa = XCBuildConfiguration;
			buildSettings = {
				ALWAYS_EMBED_SWIFT_STANDARD_LIBRARIES = YES;
				BUNDLE_LOADER = "$(TEST_HOST)";
				CODE_SIGN_STYLE = Automatic;
				CURRENT_PROJECT_VERSION = 1;
				DEVELOPMENT_TEAM = 6JD548BN3B;
				GENERATE_INFOPLIST_FILE = YES;
				IPHONEOS_DEPLOYMENT_TARGET = 17.4;
				MARKETING_VERSION = 1.0;
				PRODUCT_BUNDLE_IDENTIFIER = "com.BulldogVenturesInc.Example-Chart-AppTests";
				PRODUCT_NAME = "$(TARGET_NAME)";
				SWIFT_EMIT_LOC_STRINGS = NO;
				SWIFT_VERSION = 5.0;
				TARGETED_DEVICE_FAMILY = "1,2";
				TEST_HOST = "$(BUILT_PRODUCTS_DIR)/Example Chart App.app/$(BUNDLE_EXECUTABLE_FOLDER_PATH)/Example Chart App";
			};
			name = Release;
		};
		79FBF37F2BBF29670040BFD2 /* Debug */ = {
			isa = XCBuildConfiguration;
			buildSettings = {
				ALWAYS_EMBED_SWIFT_STANDARD_LIBRARIES = YES;
				CODE_SIGN_STYLE = Automatic;
				CURRENT_PROJECT_VERSION = 1;
				DEVELOPMENT_TEAM = 6JD548BN3B;
				GENERATE_INFOPLIST_FILE = YES;
				MARKETING_VERSION = 1.0;
				PRODUCT_BUNDLE_IDENTIFIER = "com.BulldogVenturesInc.Example-Chart-AppUITests";
				PRODUCT_NAME = "$(TARGET_NAME)";
				SWIFT_EMIT_LOC_STRINGS = NO;
				SWIFT_VERSION = 5.0;
				TARGETED_DEVICE_FAMILY = "1,2";
				TEST_TARGET_NAME = "Example Chart App";
			};
			name = Debug;
		};
		79FBF3802BBF29670040BFD2 /* Release */ = {
			isa = XCBuildConfiguration;
			buildSettings = {
				ALWAYS_EMBED_SWIFT_STANDARD_LIBRARIES = YES;
				CODE_SIGN_STYLE = Automatic;
				CURRENT_PROJECT_VERSION = 1;
				DEVELOPMENT_TEAM = 6JD548BN3B;
				GENERATE_INFOPLIST_FILE = YES;
				MARKETING_VERSION = 1.0;
				PRODUCT_BUNDLE_IDENTIFIER = "com.BulldogVenturesInc.Example-Chart-AppUITests";
				PRODUCT_NAME = "$(TARGET_NAME)";
				SWIFT_EMIT_LOC_STRINGS = NO;
				SWIFT_VERSION = 5.0;
				TARGETED_DEVICE_FAMILY = "1,2";
				TEST_TARGET_NAME = "Example Chart App";
			};
			name = Release;
		};
/* End XCBuildConfiguration section */

/* Begin XCConfigurationList section */
		79FBF34F2BBF29660040BFD2 /* Build configuration list for PBXProject "Example Chart App" */ = {
			isa = XCConfigurationList;
			buildConfigurations = (
				79FBF3762BBF29670040BFD2 /* Debug */,
				79FBF3772BBF29670040BFD2 /* Release */,
			);
			defaultConfigurationIsVisible = 0;
			defaultConfigurationName = Release;
		};
		79FBF3782BBF29670040BFD2 /* Build configuration list for PBXNativeTarget "Example Chart App" */ = {
			isa = XCConfigurationList;
			buildConfigurations = (
				79FBF3792BBF29670040BFD2 /* Debug */,
				79FBF37A2BBF29670040BFD2 /* Release */,
			);
			defaultConfigurationIsVisible = 0;
			defaultConfigurationName = Release;
		};
		79FBF37B2BBF29670040BFD2 /* Build configuration list for PBXNativeTarget "Example Chart AppTests" */ = {
			isa = XCConfigurationList;
			buildConfigurations = (
				79FBF37C2BBF29670040BFD2 /* Debug */,
				79FBF37D2BBF29670040BFD2 /* Release */,
			);
			defaultConfigurationIsVisible = 0;
			defaultConfigurationName = Release;
		};
		79FBF37E2BBF29670040BFD2 /* Build configuration list for PBXNativeTarget "Example Chart AppUITests" */ = {
			isa = XCConfigurationList;
			buildConfigurations = (
				79FBF37F2BBF29670040BFD2 /* Debug */,
				79FBF3802BBF29670040BFD2 /* Release */,
			);
			defaultConfigurationIsVisible = 0;
			defaultConfigurationName = Release;
		};
/* End XCConfigurationList section */
	};
	rootObject = 79FBF34C2BBF29660040BFD2 /* Project object */;
}
